
Microsoft Visual Studio Solution File, Format Version 12.00
# Visual Studio Version 17
VisualStudioVersion = 17.13.35919.96 d17.13
MinimumVisualStudioVersion = 10.0.40219.1
Project("{FAE04EC0-301F-11D3-BF4B-00C04F79EFBC}") = "TestTaskCleverens", "TestTaskCleverens.csproj", "{D691F3B2-4FFA-4BCA-98E5-168A9823A736}"
EndProject
Global
	GlobalSection(SolutionConfigurationPlatforms) = preSolution
		Debug|Any CPU = Debug|Any CPU
		Release|Any CPU = Release|Any CPU
	EndGlobalSection
	GlobalSection(ProjectConfigurationPlatforms) = postSolution
		{D691F3B2-4FFA-4BCA-98E5-168A9823A736}.Debug|Any CPU.ActiveCfg = Debug|Any CPU
		{D691F3B2-4FFA-4BCA-98E5-168A9823A736}.Debug|Any CPU.Build.0 = Debug|Any CPU
		{D691F3B2-4FFA-4BCA-98E5-168A9823A736}.Release|Any CPU.ActiveCfg = Release|Any CPU
		{D691F3B2-4FFA-4BCA-98E5-168A9823A736}.Release|Any CPU.Build.0 = Release|Any CPU
	EndGlobalSection
	GlobalSection(SolutionProperties) = preSolution
		HideSolutionNode = FALSE
	EndGlobalSection
	GlobalSection(ExtensibilityGlobals) = postSolution
		SolutionGuid = {4538D355-29ED-4267-AAC5-5BB055F63127}
	EndGlobalSection
EndGlobal
